
Microsoft Visual Studio Solution File, Format Version 12.00
# Visual Studio Version 16
VisualStudioVersion = 16.0.31005.135
MinimumVisualStudioVersion = 10.0.40219.1
Project("{FAE04EC0-301F-11D3-BF4B-00C04F79EFBC}") = "ConsoleAppForGit", "ConsoleAppForGit\ConsoleAppForGit.csproj", "{B9F921D2-8BB6-4B79-97E2-55E854C7CA0A}"
EndProject
Global
	GlobalSection(SolutionConfigurationPlatforms) = preSolution
		Debug|Any CPU = Debug|Any CPU
		Release|Any CPU = Release|Any CPU
	EndGlobalSection
	GlobalSection(ProjectConfigurationPlatforms) = postSolution
		{B9F921D2-8BB6-4B79-97E2-55E854C7CA0A}.Debug|Any CPU.ActiveCfg = Debug|Any CPU
		{B9F921D2-8BB6-4B79-97E2-55E854C7CA0A}.Debug|Any CPU.Build.0 = Debug|Any CPU
		{B9F921D2-8BB6-4B79-97E2-55E854C7CA0A}.Release|Any CPU.ActiveCfg = Release|Any CPU
		{B9F921D2-8BB6-4B79-97E2-55E854C7CA0A}.Release|Any CPU.Build.0 = Release|Any CPU
	EndGlobalSection
	GlobalSection(SolutionProperties) = preSolution
		HideSolutionNode = FALSE
	EndGlobalSection
	GlobalSection(ExtensibilityGlobals) = postSolution
		SolutionGuid = {ABEE9FA3-B322-40C2-AEB0-71FD8FB8A99D}
	EndGlobalSection
EndGlobal
